<?xml version="1.0" encoding="utf-8"?>
<Project ToolsVersion="4.0" xmlns="http://schemas.microsoft.com/developer/msbuild/2003">
  <ItemGroup>
    <Filter Include="Source Files">
      <UniqueIdentifier>{8f2f8da3-49ce-420a-8b79-0fcf88c98893}</UniqueIdentifier>
    </Filter>
    <Filter Include="Source Files\buckets">
      <UniqueIdentifier>{15f9b61d-63f2-4cbc-b117-0d8356978870}</UniqueIdentifier>
    </Filter>
    <Filter Include="Source Files\crypto">
      <UniqueIdentifier>{bee015a2-8bad-4799-a088-4f4fd672e53a}</UniqueIdentifier>
    </Filter>
    <Filter Include="Source Files\dbd">
      <UniqueIdentifier>{2f94750a-ddff-4a50-8b7e-ac1a451c2554}</UniqueIdentifier>
    </Filter>
    <Filter Include="Source Files\dbm">
      <UniqueIdentifier>{977d17f3-54d7-492f-8f5b-42160aba87f5}</UniqueIdentifier>
    </Filter>
    <Filter Include="Source Files\encoding">
      <UniqueIdentifier>{14b21bbe-432d-44e6-bd55-f1e853ef2e87}</UniqueIdentifier>
    </Filter>
    <Filter Include="Source Files\hooks">
      <UniqueIdentifier>{2ce12ca1-34fd-4349-b5ed-5a9fac50e40e}</UniqueIdentifier>
    </Filter>
    <Filter Include="Source Files\ldap">
      <UniqueIdentifier>{2a66c438-bdc6-4dfb-ab8f-05e1582377d0}</UniqueIdentifier>
    </Filter>
    <Filter Include="Source Files\memcache">
      <UniqueIdentifier>{783324ce-6770-445b-97ed-f374c966cf04}</UniqueIdentifier>
    </Filter>
    <Filter Include="Source Files\misc">
      <UniqueIdentifier>{9c1e89c5-5429-4e52-8318-a9a7bddf53cf}</UniqueIdentifier>
    </Filter>
    <Filter Include="Source Files\sdbm">
      <UniqueIdentifier>{f5f1bad8-a25d-461b-84d0-3239bdd9954e}</UniqueIdentifier>
    </Filter>
    <Filter Include="Source Files\strmatch">
      <UniqueIdentifier>{30d6935d-b1e0-43b4-9f27-c2ce303a4dd9}</UniqueIdentifier>
    </Filter>
    <Filter Include="Source Files\uri">
      <UniqueIdentifier>{08d8cc1d-e28b-471d-941f-4e1851563646}</UniqueIdentifier>
    </Filter>
    <Filter Include="Source Files\xlate">
      <UniqueIdentifier>{b15b1a8e-bbee-4808-b2f2-6cda51d6461b}</UniqueIdentifier>
    </Filter>
    <Filter Include="Source Files\xml">
      <UniqueIdentifier>{28988bac-4272-4520-9f45-b866ea30007a}</UniqueIdentifier>
    </Filter>
    <Filter Include="Generated Files">
      <UniqueIdentifier>{eb48d192-3f75-4052-a301-b2b86ec22f71}</UniqueIdentifier>
    </Filter>
    <Filter Include="Public Header Files">
      <UniqueIdentifier>{520a310c-671d-4a40-9ae1-66f24b2676ba}</UniqueIdentifier>
    </Filter>
  </ItemGroup>
  <ItemGroup>
    <ClCompile Include="buckets\apr_brigade.c">
      <Filter>Source Files\buckets</Filter>
    </ClCompile>
    <ClCompile Include="buckets\apr_buckets.c">
      <Filter>Source Files\buckets</Filter>
    </ClCompile>
    <ClCompile Include="buckets\apr_buckets_alloc.c">
      <Filter>Source Files\buckets</Filter>
    </ClCompile>
    <ClCompile Include="buckets\apr_buckets_eos.c">
      <Filter>Source Files\buckets</Filter>
    </ClCompile>
    <ClCompile Include="buckets\apr_buckets_file.c">
      <Filter>Source Files\buckets</Filter>
    </ClCompile>
    <ClCompile Include="buckets\apr_buckets_flush.c">
      <Filter>Source Files\buckets</Filter>
    </ClCompile>
    <ClCompile Include="buckets\apr_buckets_heap.c">
      <Filter>Source Files\buckets</Filter>
    </ClCompile>
    <ClCompile Include="buckets\apr_buckets_mmap.c">
      <Filter>Source Files\buckets</Filter>
    </ClCompile>
    <ClCompile Include="buckets\apr_buckets_pipe.c">
      <Filter>Source Files\buckets</Filter>
    </ClCompile>
    <ClCompile Include="buckets\apr_buckets_pool.c">
      <Filter>Source Files\buckets</Filter>
    </ClCompile>
    <ClCompile Include="buckets\apr_buckets_refcount.c">
      <Filter>Source Files\buckets</Filter>
    </ClCompile>
    <ClCompile Include="buckets\apr_buckets_simple.c">
      <Filter>Source Files\buckets</Filter>
    </ClCompile>
    <ClCompile Include="buckets\apr_buckets_socket.c">
      <Filter>Source Files\buckets</Filter>
    </ClCompile>
    <ClCompile Include="crypto\apr_crypto.c">
      <Filter>Source Files\crypto</Filter>
    </ClCompile>
    <ClCompile Include="crypto\apr_md4.c">
      <Filter>Source Files\crypto</Filter>
    </ClCompile>
    <ClCompile Include="crypto\apr_md5.c">
      <Filter>Source Files\crypto</Filter>
    </ClCompile>
    <ClCompile Include="crypto\apr_passwd.c">
      <Filter>Source Files\crypto</Filter>
    </ClCompile>
    <ClCompile Include="crypto\apr_sha1.c">
      <Filter>Source Files\crypto</Filter>
    </ClCompile>
    <ClCompile Include="crypto\crypt_blowfish.c">
      <Filter>Source Files\crypto</Filter>
    </ClCompile>
    <ClCompile Include="crypto\getuuid.c">
      <Filter>Source Files\crypto</Filter>
    </ClCompile>
    <ClCompile Include="crypto\uuid.c">
      <Filter>Source Files\crypto</Filter>
    </ClCompile>
    <ClCompile Include="dbd\apr_dbd.c">
      <Filter>Source Files\dbd</Filter>
    </ClCompile>
    <ClCompile Include="dbd\apr_dbd_freetds.c">
      <Filter>Source Files\dbd</Filter>
    </ClCompile>
    <ClCompile Include="dbd\apr_dbd_mysql.c">
      <Filter>Source Files\dbd</Filter>
    </ClCompile>
    <ClCompile Include="dbd\apr_dbd_odbc.c">
      <Filter>Source Files\dbd</Filter>
    </ClCompile>
    <ClCompile Include="dbd\apr_dbd_oracle.c">
      <Filter>Source Files\dbd</Filter>
    </ClCompile>
    <ClCompile Include="dbd\apr_dbd_pgsql.c">
      <Filter>Source Files\dbd</Filter>
    </ClCompile>
    <ClCompile Include="dbd\apr_dbd_sqlite2.c">
      <Filter>Source Files\dbd</Filter>
    </ClCompile>
    <ClCompile Include="dbd\apr_dbd_sqlite3.c">
      <Filter>Source Files\dbd</Filter>
    </ClCompile>
    <ClCompile Include="dbm\apr_dbm.c">
      <Filter>Source Files\dbm</Filter>
    </ClCompile>
    <ClCompile Include="dbm\apr_dbm_berkeleydb.c">
      <Filter>Source Files\dbm</Filter>
    </ClCompile>
    <ClCompile Include="dbm\apr_dbm_gdbm.c">
      <Filter>Source Files\dbm</Filter>
    </ClCompile>
    <ClCompile Include="dbm\apr_dbm_sdbm.c">
      <Filter>Source Files\dbm</Filter>
    </ClCompile>
    <ClCompile Include="encoding\apr_base64.c">
      <Filter>Source Files\encoding</Filter>
    </ClCompile>
    <ClCompile Include="hooks\apr_hooks.c">
      <Filter>Source Files\hooks</Filter>
    </ClCompile>
    <ClCompile Include="ldap\apr_ldap_init.c">
      <Filter>Source Files\ldap</Filter>
    </ClCompile>
    <ClCompile Include="ldap\apr_ldap_option.c">
      <Filter>Source Files\ldap</Filter>
    </ClCompile>
    <ClCompile Include="ldap\apr_ldap_rebind.c">
      <Filter>Source Files\ldap</Filter>
    </ClCompile>
    <ClCompile Include="ldap\apr_ldap_stub.c">
      <Filter>Source Files\ldap</Filter>
    </ClCompile>
    <ClCompile Include="ldap\apr_ldap_url.c">
      <Filter>Source Files\ldap</Filter>
    </ClCompile>
    <ClCompile Include="memcache\apr_memcache.c">
      <Filter>Source Files\memcache</Filter>
    </ClCompile>
    <ClCompile Include="misc\apr_date.c">
      <Filter>Source Files\misc</Filter>
    </ClCompile>
    <ClCompile Include="misc\apu_dso.c">
      <Filter>Source Files\misc</Filter>
    </ClCompile>
    <ClCompile Include="misc\apr_queue.c">
      <Filter>Source Files\misc</Filter>
    </ClCompile>
    <ClCompile Include="misc\apr_reslist.c">
      <Filter>Source Files\misc</Filter>
    </ClCompile>
    <ClCompile Include="misc\apr_rmm.c">
      <Filter>Source Files\misc</Filter>
    </ClCompile>
    <ClCompile Include="misc\apr_thread_pool.c">
      <Filter>Source Files\misc</Filter>
    </ClCompile>
    <ClCompile Include="misc\apu_version.c">
      <Filter>Source Files\misc</Filter>
    </ClCompile>
    <ClCompile Include="dbm\sdbm\sdbm.c">
      <Filter>Source Files\sdbm</Filter>
    </ClCompile>
    <ClCompile Include="dbm\sdbm\sdbm_hash.c">
      <Filter>Source Files\sdbm</Filter>
    </ClCompile>
    <ClCompile Include="dbm\sdbm\sdbm_lock.c">
      <Filter>Source Files\sdbm</Filter>
    </ClCompile>
    <ClCompile Include="dbm\sdbm\sdbm_pair.c">
      <Filter>Source Files\sdbm</Filter>
    </ClCompile>
    <ClCompile Include="strmatch\apr_strmatch.c">
      <Filter>Source Files\strmatch</Filter>
    </ClCompile>
    <ClCompile Include="uri\apr_uri.c">
      <Filter>Source Files\uri</Filter>
    </ClCompile>
    <ClCompile Include="xlate\xlate.c">
      <Filter>Source Files\xlate</Filter>
    </ClCompile>
    <ClCompile Include="xml\apr_xml.c">
      <Filter>Source Files\xml</Filter>
    </ClCompile>
  </ItemGroup>
  <ItemGroup>
    <ClInclude Include="crypto\crypt_blowfish.h">
      <Filter>Source Files\crypto</Filter>
    </ClInclude>
    <ClInclude Include="dbm\sdbm\sdbm_pair.h">
      <Filter>Source Files\sdbm</Filter>
    </ClInclude>
    <ClInclude Include="dbm\sdbm\sdbm_private.h">
      <Filter>Source Files\sdbm</Filter>
    </ClInclude>
    <ClInclude Include="dbm\sdbm\sdbm_tune.h">
      <Filter>Source Files\sdbm</Filter>
    </ClInclude>
    <ClInclude Include="include\apr_anylock.h">
      <Filter>Public Header Files</Filter>
    </ClInclude>
    <ClInclude Include="include\apr_base64.h">
      <Filter>Public Header Files</Filter>
    </ClInclude>
    <ClInclude Include="include\apr_buckets.h">
      <Filter>Public Header Files</Filter>
    </ClInclude>
    <ClInclude Include="include\apr_date.h">
      <Filter>Public Header Files</Filter>
    </ClInclude>
    <ClInclude Include="include\apr_dbm.h">
      <Filter>Public Header Files</Filter>
    </ClInclude>
    <ClInclude Include="include\apr_hooks.h">
      <Filter>Public Header Files</Filter>
    </ClInclude>
    <ClInclude Include="include\apr_ldap_url.h">
      <Filter>Public Header Files</Filter>
    </ClInclude>
    <ClInclude Include="include\apr_md4.h">
      <Filter>Public Header Files</Filter>
    </ClInclude>
    <ClInclude Include="include\apr_md5.h">
      <Filter>Public Header Files</Filter>
    </ClInclude>
    <ClInclude Include="include\apr_memcache.h">
      <Filter>Public Header Files</Filter>
    </ClInclude>
    <ClInclude Include="include\apr_optional.h">
      <Filter>Public Header Files</Filter>
    </ClInclude>
    <ClInclude Include="include\apr_optional_hooks.h">
      <Filter>Public Header Files</Filter>
    </ClInclude>
    <ClInclude Include="include\apr_queue.h">
      <Filter>Public Header Files</Filter>
    </ClInclude>
    <ClInclude Include="include\apr_reslist.h">
      <Filter>Public Header Files</Filter>
    </ClInclude>
    <ClInclude Include="include\apr_rmm.h">
      <Filter>Public Header Files</Filter>
    </ClInclude>
    <ClInclude Include="include\apr_sdbm.h">
      <Filter>Public Header Files</Filter>
    </ClInclude>
    <ClInclude Include="include\apr_sha1.h">
      <Filter>Public Header Files</Filter>
    </ClInclude>
    <ClInclude Include="include\apr_strmatch.h">
      <Filter>Public Header Files</Filter>
    </ClInclude>
    <ClInclude Include="include\apr_thread_pool.h">
      <Filter>Public Header Files</Filter>
    </ClInclude>
    <ClInclude Include="include\apr_uri.h">
      <Filter>Public Header Files</Filter>
    </ClInclude>
    <ClInclude Include="include\apr_uuid.h">
      <Filter>Public Header Files</Filter>
    </ClInclude>
    <ClInclude Include="include\apr_xlate.h">
      <Filter>Public Header Files</Filter>
    </ClInclude>
    <ClInclude Include="include\apr_xml.h">
      <Filter>Public Header Files</Filter>
    </ClInclude>
    <ClInclude Include="include\apu_version.h">
      <Filter>Public Header Files</Filter>
    </ClInclude>
  </ItemGroup>
  <ItemGroup>
    <CustomBuild Include="include\apr_ldap.h.in">
      <Filter>Generated Files</Filter>
    </CustomBuild>
    <CustomBuild Include="include\apr_ldap.hnw">
      <Filter>Generated Files</Filter>
    </CustomBuild>
    <CustomBuild Include="include\apr_ldap.hw">
      <Filter>Generated Files</Filter>
    </CustomBuild>
    <CustomBuild Include="include\apu.h.in">
      <Filter>Generated Files</Filter>
    </CustomBuild>
    <CustomBuild Include="include\apu.hnw">
      <Filter>Generated Files</Filter>
    </CustomBuild>
    <CustomBuild Include="include\apu.hw">
      <Filter>Generated Files</Filter>
    </CustomBuild>
    <CustomBuild Include="include\private\apu_config.h.in">
      <Filter>Generated Files</Filter>
    </CustomBuild>
    <CustomBuild Include="include\private\apu_config.hw">
      <Filter>Generated Files</Filter>
    </CustomBuild>
    <CustomBuild Include="include\private\apu_select_dbm.h.in">
      <Filter>Generated Files</Filter>
    </CustomBuild>
    <CustomBuild Include="include\private\apu_select_dbm.hw">
      <Filter>Generated Files</Filter>
    </CustomBuild>
    <CustomBuild Include="include\apu_want.h.in">
      <Filter>Generated Files</Filter>
    </CustomBuild>
    <CustomBuild Include="include\apu_want.hnw">
      <Filter>Generated Files</Filter>
    </CustomBuild>
    <CustomBuild Include="include\apu_want.hw">
      <Filter>Generated Files</Filter>
    </CustomBuild>
  </ItemGroup>
</Project>